
Microsoft Visual Studio Solution File, Format Version 12.00
# Visual Studio Version 17
Project("{FAE04EC0-301F-11D3-BF4B-00C04F79EFBC}") = "libldt3", "libldt3\libldt3.csproj", "{2C05C1C5-69F7-4B2C-9AE4-03BFA0136B21}"
EndProject
Project("{FAE04EC0-301F-11D3-BF4B-00C04F79EFBC}") = "libldt3.tests", "libldt3.tests\libldt3.tests.csproj", "{77C0FE34-7C78-4597-8E62-F1BE9FDAA624}"
EndProject
Global
	GlobalSection(SolutionConfigurationPlatforms) = preSolution
		Debug|Any CPU = Debug|Any CPU
		Release|Any CPU = Release|Any CPU
	EndGlobalSection
	GlobalSection(SolutionProperties) = preSolution
		HideSolutionNode = FALSE
	EndGlobalSection
	GlobalSection(ProjectConfigurationPlatforms) = postSolution
		{2C05C1C5-69F7-4B2C-9AE4-03BFA0136B21}.Debug|Any CPU.ActiveCfg = Debug|Any CPU
		{2C05C1C5-69F7-4B2C-9AE4-03BFA0136B21}.Debug|Any CPU.Build.0 = Debug|Any CPU
		{2C05C1C5-69F7-4B2C-9AE4-03BFA0136B21}.Release|Any CPU.ActiveCfg = Release|Any CPU
		{2C05C1C5-69F7-4B2C-9AE4-03BFA0136B21}.Release|Any CPU.Build.0 = Release|Any CPU
		{77C0FE34-7C78-4597-8E62-F1BE9FDAA624}.Debug|Any CPU.ActiveCfg = Debug|Any CPU
		{77C0FE34-7C78-4597-8E62-F1BE9FDAA624}.Debug|Any CPU.Build.0 = Debug|Any CPU
		{77C0FE34-7C78-4597-8E62-F1BE9FDAA624}.Release|Any CPU.ActiveCfg = Release|Any CPU
		{77C0FE34-7C78-4597-8E62-F1BE9FDAA624}.Release|Any CPU.Build.0 = Release|Any CPU
	EndGlobalSection
EndGlobal
